
Microsoft Visual Studio Solution File, Format Version 12.00
# Visual Studio Version 17
VisualStudioVersion = 17.7.34024.191
MinimumVisualStudioVersion = 10.0.40219.1
Project("{9A19103F-16F7-4668-BE54-9A1E7A4F7556}") = "DungeonMaster", "DungeonMaster.csproj", "{74D3C12F-82B6-41E0-A06D-46F6C16BCFB4}"
EndProject
Project("{FAE04EC0-301F-11D3-BF4B-00C04F79EFBC}") = "DungeonMaster.Tests", "..\DungeonMasterTest\DungeonMaster.Tests.csproj", "{A7FC4A00-7882-4875-A171-8660284966EE}"
EndProject
Global
	GlobalSection(SolutionConfigurationPlatforms) = preSolution
		Debug|Any CPU = Debug|Any CPU
		Release|Any CPU = Release|Any CPU
	EndGlobalSection
	GlobalSection(ProjectConfigurationPlatforms) = postSolution
		{74D3C12F-82B6-41E0-A06D-46F6C16BCFB4}.Debug|Any CPU.ActiveCfg = Debug|Any CPU
		{74D3C12F-82B6-41E0-A06D-46F6C16BCFB4}.Debug|Any CPU.Build.0 = Debug|Any CPU
		{74D3C12F-82B6-41E0-A06D-46F6C16BCFB4}.Release|Any CPU.ActiveCfg = Release|Any CPU
		{74D3C12F-82B6-41E0-A06D-46F6C16BCFB4}.Release|Any CPU.Build.0 = Release|Any CPU
		{A7FC4A00-7882-4875-A171-8660284966EE}.Debug|Any CPU.ActiveCfg = Debug|Any CPU
		{A7FC4A00-7882-4875-A171-8660284966EE}.Debug|Any CPU.Build.0 = Debug|Any CPU
		{A7FC4A00-7882-4875-A171-8660284966EE}.Release|Any CPU.ActiveCfg = Release|Any CPU
		{A7FC4A00-7882-4875-A171-8660284966EE}.Release|Any CPU.Build.0 = Release|Any CPU
	EndGlobalSection
	GlobalSection(SolutionProperties) = preSolution
		HideSolutionNode = FALSE
	EndGlobalSection
	GlobalSection(ExtensibilityGlobals) = postSolution
		SolutionGuid = {AD698902-A6D1-4532-9F23-32055A3D72A4}
	EndGlobalSection
EndGlobal
